// !$*UTF8*$!
{
	archiveVersion = 1;
	classes = {
	};
	objectVersion = 48;
	objects = {

/* Begin PBXBuildFile section */
		1C8572342060F0B600D59035 /* HistoryTableViewCell.swift in Sources */ = {isa = PBXBuildFile; fileRef = 1C8572332060F0B600D59035 /* HistoryTableViewCell.swift */; };
		1CE9D6122060A5880064E5E8 /* ExercisesTableViewController.swift in Sources */ = {isa = PBXBuildFile; fileRef = 1CE9D6112060A5880064E5E8 /* ExercisesTableViewController.swift */; };
		1CE9D6142060A71A0064E5E8 /* ExerciseObject.swift in Sources */ = {isa = PBXBuildFile; fileRef = 1CE9D6132060A71A0064E5E8 /* ExerciseObject.swift */; };
		1CE9D6162060A7FB0064E5E8 /* AddExerciseViewController.swift in Sources */ = {isa = PBXBuildFile; fileRef = 1CE9D6152060A7FB0064E5E8 /* AddExerciseViewController.swift */; };
		1CE9D6182060A95F0064E5E8 /* ExerciseTableViewCell.swift in Sources */ = {isa = PBXBuildFile; fileRef = 1CE9D6172060A95F0064E5E8 /* ExerciseTableViewCell.swift */; };
		1CE9D61A2060CDF30064E5E8 /* DetailsViewController.swift in Sources */ = {isa = PBXBuildFile; fileRef = 1CE9D6192060CDF30064E5E8 /* DetailsViewController.swift */; };
		1CE9D61E2060D7A10064E5E8 /* HistoryTableViewController.swift in Sources */ = {isa = PBXBuildFile; fileRef = 1CE9D61D2060D7A10064E5E8 /* HistoryTableViewController.swift */; };
		D13655CA205F5A02009A2B7C /* AppDelegate.swift in Sources */ = {isa = PBXBuildFile; fileRef = D13655C9205F5A02009A2B7C /* AppDelegate.swift */; };
		D13655D2205F5A02009A2B7C /* FourLife.xcdatamodeld in Sources */ = {isa = PBXBuildFile; fileRef = D13655D0205F5A02009A2B7C /* FourLife.xcdatamodeld */; };
		D13655D4205F5A02009A2B7C /* Assets.xcassets in Resources */ = {isa = PBXBuildFile; fileRef = D13655D3205F5A02009A2B7C /* Assets.xcassets */; };
		D13655D7205F5A02009A2B7C /* LaunchScreen.storyboard in Resources */ = {isa = PBXBuildFile; fileRef = D13655D5205F5A02009A2B7C /* LaunchScreen.storyboard */; };
		D13655E0205F5B43009A2B7C /* Main.storyboard in Resources */ = {isa = PBXBuildFile; fileRef = D13655DE205F5B43009A2B7C /* Main.storyboard */; };
		D13655E2205F5CA8009A2B7C /* FoodItem.swift in Sources */ = {isa = PBXBuildFile; fileRef = D13655E1205F5CA8009A2B7C /* FoodItem.swift */; };
		D13655E4205F5CFD009A2B7C /* FoodItemTableViewController.swift in Sources */ = {isa = PBXBuildFile; fileRef = D13655E3205F5CFD009A2B7C /* FoodItemTableViewController.swift */; };
		D13655E6205F5DB0009A2B7C /* FoodItemTableViewCell.swift in Sources */ = {isa = PBXBuildFile; fileRef = D13655E5205F5DB0009A2B7C /* FoodItemTableViewCell.swift */; };
		D13655E9205F731E009A2B7C /* AddFoodItemViewController.swift in Sources */ = {isa = PBXBuildFile; fileRef = D13655E8205F731E009A2B7C /* AddFoodItemViewController.swift */; };
		D13655EB205F7E3B009A2B7C /* FoodItemDetailViewController.swift in Sources */ = {isa = PBXBuildFile; fileRef = D13655EA205F7E3B009A2B7C /* FoodItemDetailViewController.swift */; };
		D136A608206200F90059C160 /* BodyMassViewController.swift in Sources */ = {isa = PBXBuildFile; fileRef = D136A607206200F90059C160 /* BodyMassViewController.swift */; };
		D136A60A206207AB0059C160 /* HealthyEatingTipsViewController.swift in Sources */ = {isa = PBXBuildFile; fileRef = D136A609206207AB0059C160 /* HealthyEatingTipsViewController.swift */; };
		D1B986282061ED4E00744D7C /* FoodHistoryTableViewController.swift in Sources */ = {isa = PBXBuildFile; fileRef = D1B986272061ED4E00744D7C /* FoodHistoryTableViewController.swift */; };
		D1B9862A2061ED6E00744D7C /* FoodHistoryTableViewCell.swift in Sources */ = {isa = PBXBuildFile; fileRef = D1B986292061ED6E00744D7C /* FoodHistoryTableViewCell.swift */; };
		D1B9862C2061EDAF00744D7C /* DateSummary.swift in Sources */ = {isa = PBXBuildFile; fileRef = D1B9862B2061EDAF00744D7C /* DateSummary.swift */; };
/* End PBXBuildFile section */

/* Begin PBXFileReference section */
		1C8572332060F0B600D59035 /* HistoryTableViewCell.swift */ = {isa = PBXFileReference; lastKnownFileType = sourcecode.swift; path = HistoryTableViewCell.swift; sourceTree = "<group>"; };
		1CE9D6112060A5880064E5E8 /* ExercisesTableViewController.swift */ = {isa = PBXFileReference; lastKnownFileType = sourcecode.swift; path = ExercisesTableViewController.swift; sourceTree = "<group>"; };
		1CE9D6132060A71A0064E5E8 /* ExerciseObject.swift */ = {isa = PBXFileReference; lastKnownFileType = sourcecode.swift; path = ExerciseObject.swift; sourceTree = "<group>"; };
		1CE9D6152060A7FB0064E5E8 /* AddExerciseViewController.swift */ = {isa = PBXFileReference; lastKnownFileType = sourcecode.swift; path = AddExerciseViewController.swift; sourceTree = "<group>"; };
		1CE9D6172060A95F0064E5E8 /* ExerciseTableViewCell.swift */ = {isa = PBXFileReference; lastKnownFileType = sourcecode.swift; path = ExerciseTableViewCell.swift; sourceTree = "<group>"; };
		1CE9D6192060CDF30064E5E8 /* DetailsViewController.swift */ = {isa = PBXFileReference; lastKnownFileType = sourcecode.swift; path = DetailsViewController.swift; sourceTree = "<group>"; };
		1CE9D61D2060D7A10064E5E8 /* HistoryTableViewController.swift */ = {isa = PBXFileReference; lastKnownFileType = sourcecode.swift; path = HistoryTableViewController.swift; sourceTree = "<group>"; };
		D13655C6205F5A02009A2B7C /* FourLife.app */ = {isa = PBXFileReference; explicitFileType = wrapper.application; includeInIndex = 0; path = FourLife.app; sourceTree = BUILT_PRODUCTS_DIR; };
		D13655C9205F5A02009A2B7C /* AppDelegate.swift */ = {isa = PBXFileReference; lastKnownFileType = sourcecode.swift; path = AppDelegate.swift; sourceTree = "<group>"; };
		D13655D1205F5A02009A2B7C /* FourLife.xcdatamodel */ = {isa = PBXFileReference; lastKnownFileType = wrapper.xcdatamodel; path = FourLife.xcdatamodel; sourceTree = "<group>"; };
		D13655D3205F5A02009A2B7C /* Assets.xcassets */ = {isa = PBXFileReference; lastKnownFileType = folder.assetcatalog; path = Assets.xcassets; sourceTree = "<group>"; };
		D13655D6205F5A02009A2B7C /* Base */ = {isa = PBXFileReference; lastKnownFileType = file.storyboard; name = Base; path = Base.lproj/LaunchScreen.storyboard; sourceTree = "<group>"; };
		D13655D8205F5A02009A2B7C /* Info.plist */ = {isa = PBXFileReference; lastKnownFileType = text.plist.xml; path = Info.plist; sourceTree = "<group>"; };
		D13655DF205F5B43009A2B7C /* Base */ = {isa = PBXFileReference; lastKnownFileType = file.storyboard; name = Base; path = Base.lproj/Main.storyboard; sourceTree = "<group>"; };
		D13655E1205F5CA8009A2B7C /* FoodItem.swift */ = {isa = PBXFileReference; lastKnownFileType = sourcecode.swift; path = FoodItem.swift; sourceTree = "<group>"; };
		D13655E3205F5CFD009A2B7C /* FoodItemTableViewController.swift */ = {isa = PBXFileReference; lastKnownFileType = sourcecode.swift; path = FoodItemTableViewController.swift; sourceTree = "<group>"; };
		D13655E5205F5DB0009A2B7C /* FoodItemTableViewCell.swift */ = {isa = PBXFileReference; lastKnownFileType = sourcecode.swift; path = FoodItemTableViewCell.swift; sourceTree = "<group>"; };
		D13655E8205F731E009A2B7C /* AddFoodItemViewController.swift */ = {isa = PBXFileReference; lastKnownFileType = sourcecode.swift; path = AddFoodItemViewController.swift; sourceTree = "<group>"; };
		D13655EA205F7E3B009A2B7C /* FoodItemDetailViewController.swift */ = {isa = PBXFileReference; lastKnownFileType = sourcecode.swift; path = FoodItemDetailViewController.swift; sourceTree = "<group>"; };
		D136A607206200F90059C160 /* BodyMassViewController.swift */ = {isa = PBXFileReference; lastKnownFileType = sourcecode.swift; path = BodyMassViewController.swift; sourceTree = "<group>"; };
		D136A609206207AB0059C160 /* HealthyEatingTipsViewController.swift */ = {isa = PBXFileReference; lastKnownFileType = sourcecode.swift; name = HealthyEatingTipsViewController.swift; path = Food/HealthyEatingTipsViewController.swift; sourceTree = SOURCE_ROOT; };
		D1B986272061ED4E00744D7C /* FoodHistoryTableViewController.swift */ = {isa = PBXFileReference; lastKnownFileType = sourcecode.swift; path = FoodHistoryTableViewController.swift; sourceTree = "<group>"; };
		D1B986292061ED6E00744D7C /* FoodHistoryTableViewCell.swift */ = {isa = PBXFileReference; lastKnownFileType = sourcecode.swift; path = FoodHistoryTableViewCell.swift; sourceTree = "<group>"; };
		D1B9862B2061EDAF00744D7C /* DateSummary.swift */ = {isa = PBXFileReference; lastKnownFileType = sourcecode.swift; path = DateSummary.swift; sourceTree = "<group>"; };
/* End PBXFileReference section */

/* Begin PBXFrameworksBuildPhase section */
		D13655C3205F5A02009A2B7C /* Frameworks */ = {
			isa = PBXFrameworksBuildPhase;
			buildActionMask = 2147483647;
			files = (
			);
			runOnlyForDeploymentPostprocessing = 0;
		};
/* End PBXFrameworksBuildPhase section */

/* Begin PBXGroup section */
		D13655BD205F5A01009A2B7C = {
			isa = PBXGroup;
			children = (
				D1B986252061EAB200744D7C /* Water */,
				D1B986232061EA3C00744D7C /* Food */,
				D1B986242061EA9E00744D7C /* Excercise */,
				D1B986262061EABE00744D7C /* Sleep */,
				D136A606206200AB0059C160 /* Body */,
				D13655C8205F5A02009A2B7C /* FourLife */,
				D13655C7205F5A02009A2B7C /* Products */,
			);
			sourceTree = "<group>";
		};
		D13655C7205F5A02009A2B7C /* Products */ = {
			isa = PBXGroup;
			children = (
				D13655C6205F5A02009A2B7C /* FourLife.app */,
			);
			name = Products;
			sourceTree = "<group>";
		};
		D13655C8205F5A02009A2B7C /* FourLife */ = {
			isa = PBXGroup;
			children = (
				D13655C9205F5A02009A2B7C /* AppDelegate.swift */,
				D13655DE205F5B43009A2B7C /* Main.storyboard */,
				D13655D5205F5A02009A2B7C /* LaunchScreen.storyboard */,
				D13655D0205F5A02009A2B7C /* FourLife.xcdatamodeld */,
				D13655D3205F5A02009A2B7C /* Assets.xcassets */,
				D13655D8205F5A02009A2B7C /* Info.plist */,
			);
			path = FourLife;
			sourceTree = "<group>";
		};
		D136A606206200AB0059C160 /* Body */ = {
			isa = PBXGroup;
			children = (
				D136A607206200F90059C160 /* BodyMassViewController.swift */,
			);
			path = Body;
			sourceTree = "<group>";
		};
		D1B986232061EA3C00744D7C /* Food */ = {
			isa = PBXGroup;
			children = (
				D13655E1205F5CA8009A2B7C /* FoodItem.swift */,
				D13655E3205F5CFD009A2B7C /* FoodItemTableViewController.swift */,
				D13655E5205F5DB0009A2B7C /* FoodItemTableViewCell.swift */,
				D13655EA205F7E3B009A2B7C /* FoodItemDetailViewController.swift */,
				D13655E8205F731E009A2B7C /* AddFoodItemViewController.swift */,
				D1B9862B2061EDAF00744D7C /* DateSummary.swift */,
				D1B986272061ED4E00744D7C /* FoodHistoryTableViewController.swift */,
				D1B986292061ED6E00744D7C /* FoodHistoryTableViewCell.swift */,
				D136A609206207AB0059C160 /* HealthyEatingTipsViewController.swift */,
			);
			path = Food;
			sourceTree = "<group>";
		};
		D1B986242061EA9E00744D7C /* Excercise */ = {
			isa = PBXGroup;
			children = (
				1CE9D6132060A71A0064E5E8 /* ExerciseObject.swift */,
				1CE9D6112060A5880064E5E8 /* ExercisesTableViewController.swift */,
				1CE9D6172060A95F0064E5E8 /* ExerciseTableViewCell.swift */,
				1CE9D6192060CDF30064E5E8 /* DetailsViewController.swift */,
				1CE9D6152060A7FB0064E5E8 /* AddExerciseViewController.swift */,
				1CE9D61D2060D7A10064E5E8 /* HistoryTableViewController.swift */,
				1C8572332060F0B600D59035 /* HistoryTableViewCell.swift */,
			);
			path = Excercise;
			sourceTree = "<group>";
		};
		D1B986252061EAB200744D7C /* Water */ = {
			isa = PBXGroup;
			children = (
			);
			path = Water;
			sourceTree = "<group>";
		};
		D1B986262061EABE00744D7C /* Sleep */ = {
			isa = PBXGroup;
			children = (
			);
			path = Sleep;
			sourceTree = "<group>";
		};
/* End PBXGroup section */

/* Begin PBXNativeTarget section */
		D13655C5205F5A02009A2B7C /* FourLife */ = {
			isa = PBXNativeTarget;
			buildConfigurationList = D13655DB205F5A02009A2B7C /* Build configuration list for PBXNativeTarget "FourLife" */;
			buildPhases = (
				D13655C2205F5A02009A2B7C /* Sources */,
				D13655C3205F5A02009A2B7C /* Frameworks */,
				D13655C4205F5A02009A2B7C /* Resources */,
			);
			buildRules = (
			);
			dependencies = (
			);
			name = FourLife;
			productName = FourLife;
			productReference = D13655C6205F5A02009A2B7C /* FourLife.app */;
			productType = "com.apple.product-type.application";
		};
/* End PBXNativeTarget section */

/* Begin PBXProject section */
		D13655BE205F5A01009A2B7C /* Project object */ = {
			isa = PBXProject;
			attributes = {
				LastSwiftUpdateCheck = 0920;
				LastUpgradeCheck = 0920;
				ORGANIZATIONNAME = DeAnza;
				TargetAttributes = {
					D13655C5205F5A02009A2B7C = {
						CreatedOnToolsVersion = 9.2;
						ProvisioningStyle = Automatic;
					};
				};
			};
			buildConfigurationList = D13655C1205F5A01009A2B7C /* Build configuration list for PBXProject "FourLife" */;
			compatibilityVersion = "Xcode 8.0";
			developmentRegion = en;
			hasScannedForEncodings = 0;
			knownRegions = (
				en,
				Base,
			);
			mainGroup = D13655BD205F5A01009A2B7C;
			productRefGroup = D13655C7205F5A02009A2B7C /* Products */;
			projectDirPath = "";
			projectRoot = "";
			targets = (
				D13655C5205F5A02009A2B7C /* FourLife */,
			);
		};
/* End PBXProject section */

/* Begin PBXResourcesBuildPhase section */
		D13655C4205F5A02009A2B7C /* Resources */ = {
			isa = PBXResourcesBuildPhase;
			buildActionMask = 2147483647;
			files = (
				D13655E0205F5B43009A2B7C /* Main.storyboard in Resources */,
				D13655D7205F5A02009A2B7C /* LaunchScreen.storyboard in Resources */,
				D13655D4205F5A02009A2B7C /* Assets.xcassets in Resources */,
			);
			runOnlyForDeploymentPostprocessing = 0;
		};
/* End PBXResourcesBuildPhase section */

/* Begin PBXSourcesBuildPhase section */
		D13655C2205F5A02009A2B7C /* Sources */ = {
			isa = PBXSourcesBuildPhase;
			buildActionMask = 2147483647;
			files = (
				1CE9D6162060A7FB0064E5E8 /* AddExerciseViewController.swift in Sources */,
				D13655E6205F5DB0009A2B7C /* FoodItemTableViewCell.swift in Sources */,
				1C8572342060F0B600D59035 /* HistoryTableViewCell.swift in Sources */,
				D13655E9205F731E009A2B7C /* AddFoodItemViewController.swift in Sources */,
				D1B986282061ED4E00744D7C /* FoodHistoryTableViewController.swift in Sources */,
				D13655E2205F5CA8009A2B7C /* FoodItem.swift in Sources */,
				D136A60A206207AB0059C160 /* HealthyEatingTipsViewController.swift in Sources */,
				D1B9862A2061ED6E00744D7C /* FoodHistoryTableViewCell.swift in Sources */,
				1CE9D6122060A5880064E5E8 /* ExercisesTableViewController.swift in Sources */,
				D13655E4205F5CFD009A2B7C /* FoodItemTableViewController.swift in Sources */,
				1CE9D6142060A71A0064E5E8 /* ExerciseObject.swift in Sources */,
				D13655D2205F5A02009A2B7C /* FourLife.xcdatamodeld in Sources */,
				1CE9D6182060A95F0064E5E8 /* ExerciseTableViewCell.swift in Sources */,
				D136A608206200F90059C160 /* BodyMassViewController.swift in Sources */,
				D13655EB205F7E3B009A2B7C /* FoodItemDetailViewController.swift in Sources */,
				1CE9D61A2060CDF30064E5E8 /* DetailsViewController.swift in Sources */,
				D13655CA205F5A02009A2B7C /* AppDelegate.swift in Sources */,
				D1B9862C2061EDAF00744D7C /* DateSummary.swift in Sources */,
				1CE9D61E2060D7A10064E5E8 /* HistoryTableViewController.swift in Sources */,
			);
			runOnlyForDeploymentPostprocessing = 0;
		};
/* End PBXSourcesBuildPhase section */

/* Begin PBXVariantGroup section */
		D13655D5205F5A02009A2B7C /* LaunchScreen.storyboard */ = {
			isa = PBXVariantGroup;
			children = (
				D13655D6205F5A02009A2B7C /* Base */,
			);
			name = LaunchScreen.storyboard;
			sourceTree = "<group>";
		};
		D13655DE205F5B43009A2B7C /* Main.storyboard */ = {
			isa = PBXVariantGroup;
			children = (
				D13655DF205F5B43009A2B7C /* Base */,
			);
			name = Main.storyboard;
			sourceTree = "<group>";
		};
/* End PBXVariantGroup section */

/* Begin XCBuildConfiguration section */
		D13655D9205F5A02009A2B7C /* Debug */ = {
			isa = XCBuildConfiguration;
			buildSettings = {
				ALWAYS_SEARCH_USER_PATHS = NO;
				CLANG_ANALYZER_NONNULL = YES;
				CLANG_ANALYZER_NUMBER_OBJECT_CONVERSION = YES_AGGRESSIVE;
				CLANG_CXX_LANGUAGE_STANDARD = "gnu++14";
				CLANG_CXX_LIBRARY = "libc++";
				CLANG_ENABLE_MODULES = YES;
				CLANG_ENABLE_OBJC_ARC = YES;
				CLANG_WARN_BLOCK_CAPTURE_AUTORELEASING = YES;
				CLANG_WARN_BOOL_CONVERSION = YES;
				CLANG_WARN_COMMA = YES;
				CLANG_WARN_CONSTANT_CONVERSION = YES;
				CLANG_WARN_DIRECT_OBJC_ISA_USAGE = YES_ERROR;
				CLANG_WARN_DOCUMENTATION_COMMENTS = YES;
				CLANG_WARN_EMPTY_BODY = YES;
				CLANG_WARN_ENUM_CONVERSION = YES;
				CLANG_WARN_INFINITE_RECURSION = YES;
				CLANG_WARN_INT_CONVERSION = YES;
				CLANG_WARN_NON_LITERAL_NULL_CONVERSION = YES;
				CLANG_WARN_OBJC_LITERAL_CONVERSION = YES;
				CLANG_WARN_OBJC_ROOT_CLASS = YES_ERROR;
				CLANG_WARN_RANGE_LOOP_ANALYSIS = YES;
				CLANG_WARN_STRICT_PROTOTYPES = YES;
				CLANG_WARN_SUSPICIOUS_MOVE = YES;
				CLANG_WARN_UNGUARDED_AVAILABILITY = YES_AGGRESSIVE;
				CLANG_WARN_UNREACHABLE_CODE = YES;
				CLANG_WARN__DUPLICATE_METHOD_MATCH = YES;
				CODE_SIGN_IDENTITY = "iPhone Developer";
				COPY_PHASE_STRIP = NO;
				DEBUG_INFORMATION_FORMAT = dwarf;
				ENABLE_STRICT_OBJC_MSGSEND = YES;
				ENABLE_TESTABILITY = YES;
				GCC_C_LANGUAGE_STANDARD = gnu11;
				GCC_DYNAMIC_NO_PIC = NO;
				GCC_NO_COMMON_BLOCKS = YES;
				GCC_OPTIMIZATION_LEVEL = 0;
				GCC_PREPROCESSOR_DEFINITIONS = (
					"DEBUG=1",
					"$(inherited)",
				);
				GCC_WARN_64_TO_32_BIT_CONVERSION = YES;
				GCC_WARN_ABOUT_RETURN_TYPE = YES_ERROR;
				GCC_WARN_UNDECLARED_SELECTOR = YES;
				GCC_WARN_UNINITIALIZED_AUTOS = YES_AGGRESSIVE;
				GCC_WARN_UNUSED_FUNCTION = YES;
				GCC_WARN_UNUSED_VARIABLE = YES;
				IPHONEOS_DEPLOYMENT_TARGET = 11.2;
				MTL_ENABLE_DEBUG_INFO = YES;
				ONLY_ACTIVE_ARCH = YES;
				SDKROOT = iphoneos;
				SWIFT_ACTIVE_COMPILATION_CONDITIONS = DEBUG;
				SWIFT_OPTIMIZATION_LEVEL = "-Onone";
			};
			name = Debug;
		};
		D13655DA205F5A02009A2B7C /* Release */ = {
			isa = XCBuildConfiguration;
			buildSettings = {
				ALWAYS_SEARCH_USER_PATHS = NO;
				CLANG_ANALYZER_NONNULL = YES;
				CLANG_ANALYZER_NUMBER_OBJECT_CONVERSION = YES_AGGRESSIVE;
				CLANG_CXX_LANGUAGE_STANDARD = "gnu++14";
				CLANG_CXX_LIBRARY = "libc++";
				CLANG_ENABLE_MODULES = YES;
				CLANG_ENABLE_OBJC_ARC = YES;
				CLANG_WARN_BLOCK_CAPTURE_AUTORELEASING = YES;
				CLANG_WARN_BOOL_CONVERSION = YES;
				CLANG_WARN_COMMA = YES;
				CLANG_WARN_CONSTANT_CONVERSION = YES;
				CLANG_WARN_DIRECT_OBJC_ISA_USAGE = YES_ERROR;
				CLANG_WARN_DOCUMENTATION_COMMENTS = YES;
				CLANG_WARN_EMPTY_BODY = YES;
				CLANG_WARN_ENUM_CONVERSION = YES;
				CLANG_WARN_INFINITE_RECURSION = YES;
				CLANG_WARN_INT_CONVERSION = YES;
				CLANG_WARN_NON_LITERAL_NULL_CONVERSION = YES;
				CLANG_WARN_OBJC_LITERAL_CONVERSION = YES;
				CLANG_WARN_OBJC_ROOT_CLASS = YES_ERROR;
				CLANG_WARN_RANGE_LOOP_ANALYSIS = YES;
				CLANG_WARN_STRICT_PROTOTYPES = YES;
				CLANG_WARN_SUSPICIOUS_MOVE = YES;
				CLANG_WARN_UNGUARDED_AVAILABILITY = YES_AGGRESSIVE;
				CLANG_WARN_UNREACHABLE_CODE = YES;
				CLANG_WARN__DUPLICATE_METHOD_MATCH = YES;
				CODE_SIGN_IDENTITY = "iPhone Developer";
				COPY_PHASE_STRIP = NO;
				DEBUG_INFORMATION_FORMAT = "dwarf-with-dsym";
				ENABLE_NS_ASSERTIONS = NO;
				ENABLE_STRICT_OBJC_MSGSEND = YES;
				GCC_C_LANGUAGE_STANDARD = gnu11;
				GCC_NO_COMMON_BLOCKS = YES;
				GCC_WARN_64_TO_32_BIT_CONVERSION = YES;
				GCC_WARN_ABOUT_RETURN_TYPE = YES_ERROR;
				GCC_WARN_UNDECLARED_SELECTOR = YES;
				GCC_WARN_UNINITIALIZED_AUTOS = YES_AGGRESSIVE;
				GCC_WARN_UNUSED_FUNCTION = YES;
				GCC_WARN_UNUSED_VARIABLE = YES;
				IPHONEOS_DEPLOYMENT_TARGET = 11.2;
				MTL_ENABLE_DEBUG_INFO = NO;
				SDKROOT = iphoneos;
				SWIFT_OPTIMIZATION_LEVEL = "-Owholemodule";
				VALIDATE_PRODUCT = YES;
			};
			name = Release;
		};
		D13655DC205F5A02009A2B7C /* Debug */ = {
			isa = XCBuildConfiguration;
			buildSettings = {
				ASSETCATALOG_COMPILER_APPICON_NAME = AppIcon;
				CODE_SIGN_STYLE = Automatic;
				DEVELOPMENT_TEAM = 55S6N4VHKV;
				INFOPLIST_FILE = FourLife/Info.plist;
				LD_RUNPATH_SEARCH_PATHS = "$(inherited) @executable_path/Frameworks";
				PRODUCT_BUNDLE_IDENTIFIER = edu.deanza.FourLife;
				PRODUCT_NAME = "$(TARGET_NAME)";
				SWIFT_VERSION = 4.0;
				TARGETED_DEVICE_FAMILY = 1;
			};
			name = Debug;
		};
		D13655DD205F5A02009A2B7C /* Release */ = {
			isa = XCBuildConfiguration;
			buildSettings = {
				ASSETCATALOG_COMPILER_APPICON_NAME = AppIcon;
				CODE_SIGN_STYLE = Automatic;
				DEVELOPMENT_TEAM = 55S6N4VHKV;
				INFOPLIST_FILE = FourLife/Info.plist;
				LD_RUNPATH_SEARCH_PATHS = "$(inherited) @executable_path/Frameworks";
				PRODUCT_BUNDLE_IDENTIFIER = edu.deanza.FourLife;
				PRODUCT_NAME = "$(TARGET_NAME)";
				SWIFT_VERSION = 4.0;
				TARGETED_DEVICE_FAMILY = 1;
			};
			name = Release;
		};
/* End XCBuildConfiguration section */

/* Begin XCConfigurationList section */
		D13655C1205F5A01009A2B7C /* Build configuration list for PBXProject "FourLife" */ = {
			isa = XCConfigurationList;
			buildConfigurations = (
				D13655D9205F5A02009A2B7C /* Debug */,
				D13655DA205F5A02009A2B7C /* Release */,
			);
			defaultConfigurationIsVisible = 0;
			defaultConfigurationName = Release;
		};
		D13655DB205F5A02009A2B7C /* Build configuration list for PBXNativeTarget "FourLife" */ = {
			isa = XCConfigurationList;
			buildConfigurations = (
				D13655DC205F5A02009A2B7C /* Debug */,
				D13655DD205F5A02009A2B7C /* Release */,
			);
			defaultConfigurationIsVisible = 0;
			defaultConfigurationName = Release;
		};
/* End XCConfigurationList section */

/* Begin XCVersionGroup section */
		D13655D0205F5A02009A2B7C /* FourLife.xcdatamodeld */ = {
			isa = XCVersionGroup;
			children = (
				D13655D1205F5A02009A2B7C /* FourLife.xcdatamodel */,
			);
			currentVersion = D13655D1205F5A02009A2B7C /* FourLife.xcdatamodel */;
			path = FourLife.xcdatamodeld;
			sourceTree = "<group>";
			versionGroupType = wrapper.xcdatamodel;
		};
/* End XCVersionGroup section */
	};
	rootObject = D13655BE205F5A01009A2B7C /* Project object */;
}
